
Microsoft Visual Studio Solution File, Format Version 12.00
# Visual Studio Version 17
VisualStudioVersion = 17.11.35327.3
MinimumVisualStudioVersion = 10.0.40219.1
Project("{9A19103F-16F7-4668-BE54-9A1E7A4F7556}") = "InvestorsApi", "InvestorsApi.csproj", "{0FD4078B-D56E-4122-8FA7-55D0C2DDE8B0}"
EndProject
Global
	GlobalSection(SolutionConfigurationPlatforms) = preSolution
		Debug|Any CPU = Debug|Any CPU
		Release|Any CPU = Release|Any CPU
	EndGlobalSection
	GlobalSection(ProjectConfigurationPlatforms) = postSolution
		{0FD4078B-D56E-4122-8FA7-55D0C2DDE8B0}.Debug|Any CPU.ActiveCfg = Debug|Any CPU
		{0FD4078B-D56E-4122-8FA7-55D0C2DDE8B0}.Debug|Any CPU.Build.0 = Debug|Any CPU
		{0FD4078B-D56E-4122-8FA7-55D0C2DDE8B0}.Release|Any CPU.ActiveCfg = Release|Any CPU
		{0FD4078B-D56E-4122-8FA7-55D0C2DDE8B0}.Release|Any CPU.Build.0 = Release|Any CPU
	EndGlobalSection
	GlobalSection(SolutionProperties) = preSolution
		HideSolutionNode = FALSE
	EndGlobalSection
	GlobalSection(ExtensibilityGlobals) = postSolution
		SolutionGuid = {248149D8-D633-491A-9956-04C6380AEB0A}
	EndGlobalSection
EndGlobal
